
Microsoft Visual Studio Solution File, Format Version 12.00
# Visual Studio Version 17
VisualStudioVersion = 17.14.36408.4
MinimumVisualStudioVersion = 10.0.40219.1
Project("{FAE04EC0-301F-11D3-BF4B-00C04F79EFBC}") = "SingleResponsabilityPrinciple", "Src\SingleResponsabilityPrinciple\SingleResponsabilityPrinciple.csproj", "{95C826AF-1B6E-4DA2-B02E-18573BF93977}"
EndProject
Project("{FAE04EC0-301F-11D3-BF4B-00C04F79EFBC}") = "Sdk", "Src\Sdk\Sdk.csproj", "{BF58FABE-3FAC-42D4-ACE7-4681095BA5BC}"
EndProject
Project("{2150E333-8FDC-42A3-9474-1A3956D46DE8}") = "Src", "Src", "{02EA681E-C7D8-13C7-8484-4AC65E1B71E8}"
EndProject
Project("{2150E333-8FDC-42A3-9474-1A3956D46DE8}") = "Tests", "Tests", "{DDBB084C-F948-47F5-A19C-204234D8EC8F}"
EndProject
Project("{FAE04EC0-301F-11D3-BF4B-00C04F79EFBC}") = "SingleResponsabilityPrinciple.Tests", "Tests\SingleResponsabilityPrinciple.Tests\SingleResponsabilityPrinciple.Tests.csproj", "{01F9469D-EAB0-4F45-8B0E-9D1F6C691513}"
EndProject
Project("{FAE04EC0-301F-11D3-BF4B-00C04F79EFBC}") = "OpenClosedPrinciple", "Src\OpenClosedPrinciple\OpenClosedPrinciple.csproj", "{211E8BBD-0B99-4F4A-FD6C-0540E9BD2415}"
EndProject
Project("{FAE04EC0-301F-11D3-BF4B-00C04F79EFBC}") = "OpenClosedPrinciple.Tests", "Tests\OpenClosedPrinciple.Tests\OpenClosedPrinciple.Tests.csproj", "{C54B5F14-E642-4B34-939B-D77D771472CB}"
EndProject
Project("{FAE04EC0-301F-11D3-BF4B-00C04F79EFBC}") = "LiskovSubstitutionPrinciple", "Src\LiskovSubstitutionPrinciple\LiskovSubstitutionPrinciple.csproj", "{D39D7BA2-C957-45E4-BD01-38ADF0300102}"
EndProject
Project("{FAE04EC0-301F-11D3-BF4B-00C04F79EFBC}") = "LiskovSubstitutionPrinciple.Tests", "Tests\LiskovSubstitutionPrinciple.Tests\LiskovSubstitutionPrinciple.Tests.csproj", "{D72A0DA4-FA4D-4560-85F5-B439DEC1558F}"
EndProject
Project("{FAE04EC0-301F-11D3-BF4B-00C04F79EFBC}") = "InterfaceSegregationPrinciple", "Src\InterfaceSegregationPrinciple\InterfaceSegregationPrinciple.csproj", "{01109B4A-8DEE-4758-A0EE-E07591E9FA19}"
EndProject
Project("{FAE04EC0-301F-11D3-BF4B-00C04F79EFBC}") = "InterfaceSegregationPrinciple.Tests", "Tests\InterfaceSegregationPrinciple.Tests\InterfaceSegregationPrinciple.Tests.csproj", "{3966B2D4-0DCF-41DB-A901-AA89EBB23FDF}"
EndProject
Project("{FAE04EC0-301F-11D3-BF4B-00C04F79EFBC}") = "DependencyInjectionPrinciple", "Src\DependencyInjectionPrinciple\DependencyInjectionPrinciple.csproj", "{029D5751-6863-4ED9-A088-2349805C7E24}"
EndProject
Project("{FAE04EC0-301F-11D3-BF4B-00C04F79EFBC}") = "DependencyInjectionPrinciple.Tests", "Tests\DependencyInjectionPrinciple.Tests\DependencyInjectionPrinciple.Tests.csproj", "{085250A5-A9B8-47C3-9CF0-6CFCD8977C0D}"
EndProject
Global
	GlobalSection(SolutionConfigurationPlatforms) = preSolution
		Debug|Any CPU = Debug|Any CPU
		Release|Any CPU = Release|Any CPU
	EndGlobalSection
	GlobalSection(ProjectConfigurationPlatforms) = postSolution
		{95C826AF-1B6E-4DA2-B02E-18573BF93977}.Debug|Any CPU.ActiveCfg = Debug|Any CPU
		{95C826AF-1B6E-4DA2-B02E-18573BF93977}.Debug|Any CPU.Build.0 = Debug|Any CPU
		{95C826AF-1B6E-4DA2-B02E-18573BF93977}.Release|Any CPU.ActiveCfg = Release|Any CPU
		{95C826AF-1B6E-4DA2-B02E-18573BF93977}.Release|Any CPU.Build.0 = Release|Any CPU
		{BF58FABE-3FAC-42D4-ACE7-4681095BA5BC}.Debug|Any CPU.ActiveCfg = Debug|Any CPU
		{BF58FABE-3FAC-42D4-ACE7-4681095BA5BC}.Debug|Any CPU.Build.0 = Debug|Any CPU
		{BF58FABE-3FAC-42D4-ACE7-4681095BA5BC}.Release|Any CPU.ActiveCfg = Release|Any CPU
		{BF58FABE-3FAC-42D4-ACE7-4681095BA5BC}.Release|Any CPU.Build.0 = Release|Any CPU
		{01F9469D-EAB0-4F45-8B0E-9D1F6C691513}.Debug|Any CPU.ActiveCfg = Debug|Any CPU
		{01F9469D-EAB0-4F45-8B0E-9D1F6C691513}.Debug|Any CPU.Build.0 = Debug|Any CPU
		{01F9469D-EAB0-4F45-8B0E-9D1F6C691513}.Release|Any CPU.ActiveCfg = Release|Any CPU
		{01F9469D-EAB0-4F45-8B0E-9D1F6C691513}.Release|Any CPU.Build.0 = Release|Any CPU
		{211E8BBD-0B99-4F4A-FD6C-0540E9BD2415}.Debug|Any CPU.ActiveCfg = Debug|Any CPU
		{211E8BBD-0B99-4F4A-FD6C-0540E9BD2415}.Debug|Any CPU.Build.0 = Debug|Any CPU
		{211E8BBD-0B99-4F4A-FD6C-0540E9BD2415}.Release|Any CPU.ActiveCfg = Release|Any CPU
		{211E8BBD-0B99-4F4A-FD6C-0540E9BD2415}.Release|Any CPU.Build.0 = Release|Any CPU
		{C54B5F14-E642-4B34-939B-D77D771472CB}.Debug|Any CPU.ActiveCfg = Debug|Any CPU
		{C54B5F14-E642-4B34-939B-D77D771472CB}.Debug|Any CPU.Build.0 = Debug|Any CPU
		{C54B5F14-E642-4B34-939B-D77D771472CB}.Release|Any CPU.ActiveCfg = Release|Any CPU
		{C54B5F14-E642-4B34-939B-D77D771472CB}.Release|Any CPU.Build.0 = Release|Any CPU
		{D39D7BA2-C957-45E4-BD01-38ADF0300102}.Debug|Any CPU.ActiveCfg = Debug|Any CPU
		{D39D7BA2-C957-45E4-BD01-38ADF0300102}.Debug|Any CPU.Build.0 = Debug|Any CPU
		{D39D7BA2-C957-45E4-BD01-38ADF0300102}.Release|Any CPU.ActiveCfg = Release|Any CPU
		{D39D7BA2-C957-45E4-BD01-38ADF0300102}.Release|Any CPU.Build.0 = Release|Any CPU
		{D72A0DA4-FA4D-4560-85F5-B439DEC1558F}.Debug|Any CPU.ActiveCfg = Debug|Any CPU
		{D72A0DA4-FA4D-4560-85F5-B439DEC1558F}.Debug|Any CPU.Build.0 = Debug|Any CPU
		{D72A0DA4-FA4D-4560-85F5-B439DEC1558F}.Release|Any CPU.ActiveCfg = Release|Any CPU
		{D72A0DA4-FA4D-4560-85F5-B439DEC1558F}.Release|Any CPU.Build.0 = Release|Any CPU
		{01109B4A-8DEE-4758-A0EE-E07591E9FA19}.Debug|Any CPU.ActiveCfg = Debug|Any CPU
		{01109B4A-8DEE-4758-A0EE-E07591E9FA19}.Debug|Any CPU.Build.0 = Debug|Any CPU
		{01109B4A-8DEE-4758-A0EE-E07591E9FA19}.Release|Any CPU.ActiveCfg = Release|Any CPU
		{01109B4A-8DEE-4758-A0EE-E07591E9FA19}.Release|Any CPU.Build.0 = Release|Any CPU
		{3966B2D4-0DCF-41DB-A901-AA89EBB23FDF}.Debug|Any CPU.ActiveCfg = Debug|Any CPU
		{3966B2D4-0DCF-41DB-A901-AA89EBB23FDF}.Debug|Any CPU.Build.0 = Debug|Any CPU
		{3966B2D4-0DCF-41DB-A901-AA89EBB23FDF}.Release|Any CPU.ActiveCfg = Release|Any CPU
		{3966B2D4-0DCF-41DB-A901-AA89EBB23FDF}.Release|Any CPU.Build.0 = Release|Any CPU
		{029D5751-6863-4ED9-A088-2349805C7E24}.Debug|Any CPU.ActiveCfg = Debug|Any CPU
		{029D5751-6863-4ED9-A088-2349805C7E24}.Debug|Any CPU.Build.0 = Debug|Any CPU
		{029D5751-6863-4ED9-A088-2349805C7E24}.Release|Any CPU.ActiveCfg = Release|Any CPU
		{029D5751-6863-4ED9-A088-2349805C7E24}.Release|Any CPU.Build.0 = Release|Any CPU
		{085250A5-A9B8-47C3-9CF0-6CFCD8977C0D}.Debug|Any CPU.ActiveCfg = Debug|Any CPU
		{085250A5-A9B8-47C3-9CF0-6CFCD8977C0D}.Debug|Any CPU.Build.0 = Debug|Any CPU
		{085250A5-A9B8-47C3-9CF0-6CFCD8977C0D}.Release|Any CPU.ActiveCfg = Release|Any CPU
		{085250A5-A9B8-47C3-9CF0-6CFCD8977C0D}.Release|Any CPU.Build.0 = Release|Any CPU
	EndGlobalSection
	GlobalSection(SolutionProperties) = preSolution
		HideSolutionNode = FALSE
	EndGlobalSection
	GlobalSection(NestedProjects) = preSolution
		{95C826AF-1B6E-4DA2-B02E-18573BF93977} = {02EA681E-C7D8-13C7-8484-4AC65E1B71E8}
		{BF58FABE-3FAC-42D4-ACE7-4681095BA5BC} = {02EA681E-C7D8-13C7-8484-4AC65E1B71E8}
		{01F9469D-EAB0-4F45-8B0E-9D1F6C691513} = {DDBB084C-F948-47F5-A19C-204234D8EC8F}
		{211E8BBD-0B99-4F4A-FD6C-0540E9BD2415} = {02EA681E-C7D8-13C7-8484-4AC65E1B71E8}
		{C54B5F14-E642-4B34-939B-D77D771472CB} = {DDBB084C-F948-47F5-A19C-204234D8EC8F}
		{D39D7BA2-C957-45E4-BD01-38ADF0300102} = {02EA681E-C7D8-13C7-8484-4AC65E1B71E8}
		{D72A0DA4-FA4D-4560-85F5-B439DEC1558F} = {DDBB084C-F948-47F5-A19C-204234D8EC8F}
		{01109B4A-8DEE-4758-A0EE-E07591E9FA19} = {02EA681E-C7D8-13C7-8484-4AC65E1B71E8}
		{3966B2D4-0DCF-41DB-A901-AA89EBB23FDF} = {DDBB084C-F948-47F5-A19C-204234D8EC8F}
		{029D5751-6863-4ED9-A088-2349805C7E24} = {02EA681E-C7D8-13C7-8484-4AC65E1B71E8}
		{085250A5-A9B8-47C3-9CF0-6CFCD8977C0D} = {DDBB084C-F948-47F5-A19C-204234D8EC8F}
	EndGlobalSection
	GlobalSection(ExtensibilityGlobals) = postSolution
		SolutionGuid = {E7E2B160-EA3E-41F7-8A07-B2899D60075D}
	EndGlobalSection
EndGlobal
